// !$*UTF8*$!
{
	archiveVersion = 1;
	classes = {
	};
	objectVersion = 56;
	objects = {

/* Begin PBXBuildFile section */
		315173AE2927323E00445AAE /* MinigamesApp.swift in Sources */ = {isa = PBXBuildFile; fileRef = 315173AD2927323E00445AAE /* MinigamesApp.swift */; };
		315173B02927323E00445AAE /* ContentView.swift in Sources */ = {isa = PBXBuildFile; fileRef = 315173AF2927323E00445AAE /* ContentView.swift */; };
		315173B22927323F00445AAE /* Assets.xcassets in Resources */ = {isa = PBXBuildFile; fileRef = 315173B12927323F00445AAE /* Assets.xcassets */; };
		315173B52927323F00445AAE /* Preview Assets.xcassets in Resources */ = {isa = PBXBuildFile; fileRef = 315173B42927323F00445AAE /* Preview Assets.xcassets */; };
		315173BF2927323F00445AAE /* MinigamesTests.swift in Sources */ = {isa = PBXBuildFile; fileRef = 315173BE2927323F00445AAE /* MinigamesTests.swift */; };
		315173C92927323F00445AAE /* MinigamesUITests.swift in Sources */ = {isa = PBXBuildFile; fileRef = 315173C82927323F00445AAE /* MinigamesUITests.swift */; };
		315173CB2927323F00445AAE /* MinigamesUITestsLaunchTests.swift in Sources */ = {isa = PBXBuildFile; fileRef = 315173CA2927323F00445AAE /* MinigamesUITestsLaunchTests.swift */; };
/* End PBXBuildFile section */

/* Begin PBXContainerItemProxy section */
		315173BB2927323F00445AAE /* PBXContainerItemProxy */ = {
			isa = PBXContainerItemProxy;
			containerPortal = 315173A22927323E00445AAE /* Project object */;
			proxyType = 1;
			remoteGlobalIDString = 315173A92927323E00445AAE;
			remoteInfo = Minigames;
		};
		315173C52927323F00445AAE /* PBXContainerItemProxy */ = {
			isa = PBXContainerItemProxy;
			containerPortal = 315173A22927323E00445AAE /* Project object */;
			proxyType = 1;
			remoteGlobalIDString = 315173A92927323E00445AAE;
			remoteInfo = Minigames;
		};
/* End PBXContainerItemProxy section */

/* Begin PBXFileReference section */
		315173AA2927323E00445AAE /* Minigames.app */ = {isa = PBXFileReference; explicitFileType = wrapper.application; includeInIndex = 0; path = Minigames.app; sourceTree = BUILT_PRODUCTS_DIR; };
		315173AD2927323E00445AAE /* MinigamesApp.swift */ = {isa = PBXFileReference; lastKnownFileType = sourcecode.swift; path = MinigamesApp.swift; sourceTree = "<group>"; };
		315173AF2927323E00445AAE /* ContentView.swift */ = {isa = PBXFileReference; lastKnownFileType = sourcecode.swift; path = ContentView.swift; sourceTree = "<group>"; };
		315173B12927323F00445AAE /* Assets.xcassets */ = {isa = PBXFileReference; lastKnownFileType = folder.assetcatalog; path = Assets.xcassets; sourceTree = "<group>"; };
		315173B42927323F00445AAE /* Preview Assets.xcassets */ = {isa = PBXFileReference; lastKnownFileType = folder.assetcatalog; path = "Preview Assets.xcassets"; sourceTree = "<group>"; };
		315173BA2927323F00445AAE /* MinigamesTests.xctest */ = {isa = PBXFileReference; explicitFileType = wrapper.cfbundle; includeInIndex = 0; path = MinigamesTests.xctest; sourceTree = BUILT_PRODUCTS_DIR; };
		315173BE2927323F00445AAE /* MinigamesTests.swift */ = {isa = PBXFileReference; lastKnownFileType = sourcecode.swift; path = MinigamesTests.swift; sourceTree = "<group>"; };
		315173C42927323F00445AAE /* MinigamesUITests.xctest */ = {isa = PBXFileReference; explicitFileType = wrapper.cfbundle; includeInIndex = 0; path = MinigamesUITests.xctest; sourceTree = BUILT_PRODUCTS_DIR; };
		315173C82927323F00445AAE /* MinigamesUITests.swift */ = {isa = PBXFileReference; lastKnownFileType = sourcecode.swift; path = MinigamesUITests.swift; sourceTree = "<group>"; };
		315173CA2927323F00445AAE /* MinigamesUITestsLaunchTests.swift */ = {isa = PBXFileReference; lastKnownFileType = sourcecode.swift; path = MinigamesUITestsLaunchTests.swift; sourceTree = "<group>"; };
/* End PBXFileReference section */

/* Begin PBXFrameworksBuildPhase section */
		315173A72927323E00445AAE /* Frameworks */ = {
			isa = PBXFrameworksBuildPhase;
			buildActionMask = 2147483647;
			files = (
			);
			runOnlyForDeploymentPostprocessing = 0;
		};
		315173B72927323F00445AAE /* Frameworks */ = {
			isa = PBXFrameworksBuildPhase;
			buildActionMask = 2147483647;
			files = (
			);
			runOnlyForDeploymentPostprocessing = 0;
		};
		315173C12927323F00445AAE /* Frameworks */ = {
			isa = PBXFrameworksBuildPhase;
			buildActionMask = 2147483647;
			files = (
			);
			runOnlyForDeploymentPostprocessing = 0;
		};
/* End PBXFrameworksBuildPhase section */

/* Begin PBXGroup section */
		315173A12927323E00445AAE = {
			isa = PBXGroup;
			children = (
				315173AC2927323E00445AAE /* Minigames */,
				315173BD2927323F00445AAE /* MinigamesTests */,
				315173C72927323F00445AAE /* MinigamesUITests */,
				315173AB2927323E00445AAE /* Products */,
			);
			sourceTree = "<group>";
		};
		315173AB2927323E00445AAE /* Products */ = {
			isa = PBXGroup;
			children = (
				315173AA2927323E00445AAE /* Minigames.app */,
				315173BA2927323F00445AAE /* MinigamesTests.xctest */,
				315173C42927323F00445AAE /* MinigamesUITests.xctest */,
			);
			name = Products;
			sourceTree = "<group>";
		};
		315173AC2927323E00445AAE /* Minigames */ = {
			isa = PBXGroup;
			children = (
				315173AD2927323E00445AAE /* MinigamesApp.swift */,
				315173AF2927323E00445AAE /* ContentView.swift */,
				315173B12927323F00445AAE /* Assets.xcassets */,
				315173B32927323F00445AAE /* Preview Content */,
			);
			path = Minigames;
			sourceTree = "<group>";
		};
		315173B32927323F00445AAE /* Preview Content */ = {
			isa = PBXGroup;
			children = (
				315173B42927323F00445AAE /* Preview Assets.xcassets */,
			);
			path = "Preview Content";
			sourceTree = "<group>";
		};
		315173BD2927323F00445AAE /* MinigamesTests */ = {
			isa = PBXGroup;
			children = (
				315173BE2927323F00445AAE /* MinigamesTests.swift */,
			);
			path = MinigamesTests;
			sourceTree = "<group>";
		};
		315173C72927323F00445AAE /* MinigamesUITests */ = {
			isa = PBXGroup;
			children = (
				315173C82927323F00445AAE /* MinigamesUITests.swift */,
				315173CA2927323F00445AAE /* MinigamesUITestsLaunchTests.swift */,
			);
			path = MinigamesUITests;
			sourceTree = "<group>";
		};
/* End PBXGroup section */

/* Begin PBXNativeTarget section */
		315173A92927323E00445AAE /* Minigames */ = {
			isa = PBXNativeTarget;
			buildConfigurationList = 315173CE2927323F00445AAE /* Build configuration list for PBXNativeTarget "Minigames" */;
			buildPhases = (
				315173A62927323E00445AAE /* Sources */,
				315173A72927323E00445AAE /* Frameworks */,
				315173A82927323E00445AAE /* Resources */,
			);
			buildRules = (
			);
			dependencies = (
			);
			name = Minigames;
			productName = Minigames;
			productReference = 315173AA2927323E00445AAE /* Minigames.app */;
			productType = "com.apple.product-type.application";
		};
		315173B92927323F00445AAE /* MinigamesTests */ = {
			isa = PBXNativeTarget;
			buildConfigurationList = 315173D12927323F00445AAE /* Build configuration list for PBXNativeTarget "MinigamesTests" */;
			buildPhases = (
				315173B62927323F00445AAE /* Sources */,
				315173B72927323F00445AAE /* Frameworks */,
				315173B82927323F00445AAE /* Resources */,
			);
			buildRules = (
			);
			dependencies = (
				315173BC2927323F00445AAE /* PBXTargetDependency */,
			);
			name = MinigamesTests;
			productName = MinigamesTests;
			productReference = 315173BA2927323F00445AAE /* MinigamesTests.xctest */;
			productType = "com.apple.product-type.bundle.unit-test";
		};
		315173C32927323F00445AAE /* MinigamesUITests */ = {
			isa = PBXNativeTarget;
			buildConfigurationList = 315173D42927323F00445AAE /* Build configuration list for PBXNativeTarget "MinigamesUITests" */;
			buildPhases = (
				315173C02927323F00445AAE /* Sources */,
				315173C12927323F00445AAE /* Frameworks */,
				315173C22927323F00445AAE /* Resources */,
			);
			buildRules = (
			);
			dependencies = (
				315173C62927323F00445AAE /* PBXTargetDependency */,
			);
			name = MinigamesUITests;
			productName = MinigamesUITests;
			productReference = 315173C42927323F00445AAE /* MinigamesUITests.xctest */;
			productType = "com.apple.product-type.bundle.ui-testing";
		};
/* End PBXNativeTarget section */

/* Begin PBXProject section */
		315173A22927323E00445AAE /* Project object */ = {
			isa = PBXProject;
			attributes = {
				BuildIndependentTargetsInParallel = 1;
				LastSwiftUpdateCheck = 1410;
				LastUpgradeCheck = 1410;
				TargetAttributes = {
					315173A92927323E00445AAE = {
						CreatedOnToolsVersion = 14.1;
					};
					315173B92927323F00445AAE = {
						CreatedOnToolsVersion = 14.1;
						TestTargetID = 315173A92927323E00445AAE;
					};
					315173C32927323F00445AAE = {
						CreatedOnToolsVersion = 14.1;
						TestTargetID = 315173A92927323E00445AAE;
					};
				};
			};
			buildConfigurationList = 315173A52927323E00445AAE /* Build configuration list for PBXProject "Minigames" */;
			compatibilityVersion = "Xcode 14.0";
			developmentRegion = en;
			hasScannedForEncodings = 0;
			knownRegions = (
				en,
				Base,
			);
			mainGroup = 315173A12927323E00445AAE;
			productRefGroup = 315173AB2927323E00445AAE /* Products */;
			projectDirPath = "";
			projectRoot = "";
			targets = (
				315173A92927323E00445AAE /* Minigames */,
				315173B92927323F00445AAE /* MinigamesTests */,
				315173C32927323F00445AAE /* MinigamesUITests */,
			);
		};
/* End PBXProject section */

/* Begin PBXResourcesBuildPhase section */
		315173A82927323E00445AAE /* Resources */ = {
			isa = PBXResourcesBuildPhase;
			buildActionMask = 2147483647;
			files = (
				315173B52927323F00445AAE /* Preview Assets.xcassets in Resources */,
				315173B22927323F00445AAE /* Assets.xcassets in Resources */,
			);
			runOnlyForDeploymentPostprocessing = 0;
		};
		315173B82927323F00445AAE /* Resources */ = {
			isa = PBXResourcesBuildPhase;
			buildActionMask = 2147483647;
			files = (
			);
			runOnlyForDeploymentPostprocessing = 0;
		};
		315173C22927323F00445AAE /* Resources */ = {
			isa = PBXResourcesBuildPhase;
			buildActionMask = 2147483647;
			files = (
			);
			runOnlyForDeploymentPostprocessing = 0;
		};
/* End PBXResourcesBuildPhase section */

/* Begin PBXSourcesBuildPhase section */
		315173A62927323E00445AAE /* Sources */ = {
			isa = PBXSourcesBuildPhase;
			buildActionMask = 2147483647;
			files = (
				315173B02927323E00445AAE /* ContentView.swift in Sources */,
				315173AE2927323E00445AAE /* MinigamesApp.swift in Sources */,
			);
			runOnlyForDeploymentPostprocessing = 0;
		};
		315173B62927323F00445AAE /* Sources */ = {
			isa = PBXSourcesBuildPhase;
			buildActionMask = 2147483647;
			files = (
				315173BF2927323F00445AAE /* MinigamesTests.swift in Sources */,
			);
			runOnlyForDeploymentPostprocessing = 0;
		};
		315173C02927323F00445AAE /* Sources */ = {
			isa = PBXSourcesBuildPhase;
			buildActionMask = 2147483647;
			files = (
				315173C92927323F00445AAE /* MinigamesUITests.swift in Sources */,
				315173CB2927323F00445AAE /* MinigamesUITestsLaunchTests.swift in Sources */,
			);
			runOnlyForDeploymentPostprocessing = 0;
		};
/* End PBXSourcesBuildPhase section */

/* Begin PBXTargetDependency section */
		315173BC2927323F00445AAE /* PBXTargetDependency */ = {
			isa = PBXTargetDependency;
			target = 315173A92927323E00445AAE /* Minigames */;
			targetProxy = 315173BB2927323F00445AAE /* PBXContainerItemProxy */;
		};
		315173C62927323F00445AAE /* PBXTargetDependency */ = {
			isa = PBXTargetDependency;
			target = 315173A92927323E00445AAE /* Minigames */;
			targetProxy = 315173C52927323F00445AAE /* PBXContainerItemProxy */;
		};
/* End PBXTargetDependency section */

/* Begin XCBuildConfiguration section */
		315173CC2927323F00445AAE /* Debug */ = {
			isa = XCBuildConfiguration;
			buildSettings = {
				ALWAYS_SEARCH_USER_PATHS = NO;
				CLANG_ANALYZER_NONNULL = YES;
				CLANG_ANALYZER_NUMBER_OBJECT_CONVERSION = YES_AGGRESSIVE;
				CLANG_CXX_LANGUAGE_STANDARD = "gnu++20";
				CLANG_ENABLE_MODULES = YES;
				CLANG_ENABLE_OBJC_ARC = YES;
				CLANG_ENABLE_OBJC_WEAK = YES;
				CLANG_WARN_BLOCK_CAPTURE_AUTORELEASING = YES;
				CLANG_WARN_BOOL_CONVERSION = YES;
				CLANG_WARN_COMMA = YES;
				CLANG_WARN_CONSTANT_CONVERSION = YES;
				CLANG_WARN_DEPRECATED_OBJC_IMPLEMENTATIONS = YES;
				CLANG_WARN_DIRECT_OBJC_ISA_USAGE = YES_ERROR;
				CLANG_WARN_DOCUMENTATION_COMMENTS = YES;
				CLANG_WARN_EMPTY_BODY = YES;
				CLANG_WARN_ENUM_CONVERSION = YES;
				CLANG_WARN_INFINITE_RECURSION = YES;
				CLANG_WARN_INT_CONVERSION = YES;
				CLANG_WARN_NON_LITERAL_NULL_CONVERSION = YES;
				CLANG_WARN_OBJC_IMPLICIT_RETAIN_SELF = YES;
				CLANG_WARN_OBJC_LITERAL_CONVERSION = YES;
				CLANG_WARN_OBJC_ROOT_CLASS = YES_ERROR;
				CLANG_WARN_QUOTED_INCLUDE_IN_FRAMEWORK_HEADER = YES;
				CLANG_WARN_RANGE_LOOP_ANALYSIS = YES;
				CLANG_WARN_STRICT_PROTOTYPES = YES;
				CLANG_WARN_SUSPICIOUS_MOVE = YES;
				CLANG_WARN_UNGUARDED_AVAILABILITY = YES_AGGRESSIVE;
				CLANG_WARN_UNREACHABLE_CODE = YES;
				CLANG_WARN__DUPLICATE_METHOD_MATCH = YES;
				COPY_PHASE_STRIP = NO;
				DEBUG_INFORMATION_FORMAT = dwarf;
				ENABLE_STRICT_OBJC_MSGSEND = YES;
				ENABLE_TESTABILITY = YES;
				GCC_C_LANGUAGE_STANDARD = gnu11;
				GCC_DYNAMIC_NO_PIC = NO;
				GCC_NO_COMMON_BLOCKS = YES;
				GCC_OPTIMIZATION_LEVEL = 0;
				GCC_PREPROCESSOR_DEFINITIONS = (
					"DEBUG=1",
					"$(inherited)",
				);
				GCC_WARN_64_TO_32_BIT_CONVERSION = YES;
				GCC_WARN_ABOUT_RETURN_TYPE = YES_ERROR;
				GCC_WARN_UNDECLARED_SELECTOR = YES;
				GCC_WARN_UNINITIALIZED_AUTOS = YES_AGGRESSIVE;
				GCC_WARN_UNUSED_FUNCTION = YES;
				GCC_WARN_UNUSED_VARIABLE = YES;
				IPHONEOS_DEPLOYMENT_TARGET = 16.1;
				MTL_ENABLE_DEBUG_INFO = INCLUDE_SOURCE;
				MTL_FAST_MATH = YES;
				ONLY_ACTIVE_ARCH = YES;
				SDKROOT = iphoneos;
				SWIFT_ACTIVE_COMPILATION_CONDITIONS = DEBUG;
				SWIFT_OPTIMIZATION_LEVEL = "-Onone";
			};
			name = Debug;
		};
		315173CD2927323F00445AAE /* Release */ = {
			isa = XCBuildConfiguration;
			buildSettings = {
				ALWAYS_SEARCH_USER_PATHS = NO;
				CLANG_ANALYZER_NONNULL = YES;
				CLANG_ANALYZER_NUMBER_OBJECT_CONVERSION = YES_AGGRESSIVE;
				CLANG_CXX_LANGUAGE_STANDARD = "gnu++20";
				CLANG_ENABLE_MODULES = YES;
				CLANG_ENABLE_OBJC_ARC = YES;
				CLANG_ENABLE_OBJC_WEAK = YES;
				CLANG_WARN_BLOCK_CAPTURE_AUTORELEASING = YES;
				CLANG_WARN_BOOL_CONVERSION = YES;
				CLANG_WARN_COMMA = YES;
				CLANG_WARN_CONSTANT_CONVERSION = YES;
				CLANG_WARN_DEPRECATED_OBJC_IMPLEMENTATIONS = YES;
				CLANG_WARN_DIRECT_OBJC_ISA_USAGE = YES_ERROR;
				CLANG_WARN_DOCUMENTATION_COMMENTS = YES;
				CLANG_WARN_EMPTY_BODY = YES;
				CLANG_WARN_ENUM_CONVERSION = YES;
				CLANG_WARN_INFINITE_RECURSION = YES;
				CLANG_WARN_INT_CONVERSION = YES;
				CLANG_WARN_NON_LITERAL_NULL_CONVERSION = YES;
				CLANG_WARN_OBJC_IMPLICIT_RETAIN_SELF = YES;
				CLANG_WARN_OBJC_LITERAL_CONVERSION = YES;
				CLANG_WARN_OBJC_ROOT_CLASS = YES_ERROR;
				CLANG_WARN_QUOTED_INCLUDE_IN_FRAMEWORK_HEADER = YES;
				CLANG_WARN_RANGE_LOOP_ANALYSIS = YES;
				CLANG_WARN_STRICT_PROTOTYPES = YES;
				CLANG_WARN_SUSPICIOUS_MOVE = YES;
				CLANG_WARN_UNGUARDED_AVAILABILITY = YES_AGGRESSIVE;
				CLANG_WARN_UNREACHABLE_CODE = YES;
				CLANG_WARN__DUPLICATE_METHOD_MATCH = YES;
				COPY_PHASE_STRIP = NO;
				DEBUG_INFORMATION_FORMAT = "dwarf-with-dsym";
				ENABLE_NS_ASSERTIONS = NO;
				ENABLE_STRICT_OBJC_MSGSEND = YES;
				GCC_C_LANGUAGE_STANDARD = gnu11;
				GCC_NO_COMMON_BLOCKS = YES;
				GCC_WARN_64_TO_32_BIT_CONVERSION = YES;
				GCC_WARN_ABOUT_RETURN_TYPE = YES_ERROR;
				GCC_WARN_UNDECLARED_SELECTOR = YES;
				GCC_WARN_UNINITIALIZED_AUTOS = YES_AGGRESSIVE;
				GCC_WARN_UNUSED_FUNCTION = YES;
				GCC_WARN_UNUSED_VARIABLE = YES;
				IPHONEOS_DEPLOYMENT_TARGET = 16.1;
				MTL_ENABLE_DEBUG_INFO = NO;
				MTL_FAST_MATH = YES;
				SDKROOT = iphoneos;
				SWIFT_COMPILATION_MODE = wholemodule;
				SWIFT_OPTIMIZATION_LEVEL = "-O";
				VALIDATE_PRODUCT = YES;
			};
			name = Release;
		};
		315173CF2927323F00445AAE /* Debug */ = {
			isa = XCBuildConfiguration;
			buildSettings = {
				ASSETCATALOG_COMPILER_APPICON_NAME = AppIcon;
				ASSETCATALOG_COMPILER_GLOBAL_ACCENT_COLOR_NAME = AccentColor;
				CODE_SIGN_STYLE = Automatic;
				CURRENT_PROJECT_VERSION = 1;
				DEVELOPMENT_ASSET_PATHS = "\"Minigames/Preview Content\"";
				DEVELOPMENT_TEAM = A44U4A2F2G;
				ENABLE_PREVIEWS = YES;
				GENERATE_INFOPLIST_FILE = YES;
				INFOPLIST_KEY_UIApplicationSceneManifest_Generation = YES;
				INFOPLIST_KEY_UIApplicationSupportsIndirectInputEvents = YES;
				INFOPLIST_KEY_UILaunchScreen_Generation = YES;
				INFOPLIST_KEY_UISupportedInterfaceOrientations_iPad = "UIInterfaceOrientationPortrait UIInterfaceOrientationPortraitUpsideDown UIInterfaceOrientationLandscapeLeft UIInterfaceOrientationLandscapeRight";
				INFOPLIST_KEY_UISupportedInterfaceOrientations_iPhone = "UIInterfaceOrientationPortrait UIInterfaceOrientationLandscapeLeft UIInterfaceOrientationLandscapeRight";
				LD_RUNPATH_SEARCH_PATHS = (
					"$(inherited)",
					"@executable_path/Frameworks",
				);
				MARKETING_VERSION = 1.0;
				PRODUCT_BUNDLE_IDENTIFIER = com.x.Minigames;
				PRODUCT_NAME = "$(TARGET_NAME)";
				SWIFT_EMIT_LOC_STRINGS = YES;
				SWIFT_VERSION = 5.0;
				TARGETED_DEVICE_FAMILY = "1,2";
			};
			name = Debug;
		};
		315173D02927323F00445AAE /* Release */ = {
			isa = XCBuildConfiguration;
			buildSettings = {
				ASSETCATALOG_COMPILER_APPICON_NAME = AppIcon;
				ASSETCATALOG_COMPILER_GLOBAL_ACCENT_COLOR_NAME = AccentColor;
				CODE_SIGN_STYLE = Automatic;
				CURRENT_PROJECT_VERSION = 1;
				DEVELOPMENT_ASSET_PATHS = "\"Minigames/Preview Content\"";
				DEVELOPMENT_TEAM = A44U4A2F2G;
				ENABLE_PREVIEWS = YES;
				GENERATE_INFOPLIST_FILE = YES;
				INFOPLIST_KEY_UIApplicationSceneManifest_Generation = YES;
				INFOPLIST_KEY_UIApplicationSupportsIndirectInputEvents = YES;
				INFOPLIST_KEY_UILaunchScreen_Generation = YES;
				INFOPLIST_KEY_UISupportedInterfaceOrientations_iPad = "UIInterfaceOrientationPortrait UIInterfaceOrientationPortraitUpsideDown UIInterfaceOrientationLandscapeLeft UIInterfaceOrientationLandscapeRight";
				INFOPLIST_KEY_UISupportedInterfaceOrientations_iPhone = "UIInterfaceOrientationPortrait UIInterfaceOrientationLandscapeLeft UIInterfaceOrientationLandscapeRight";
				LD_RUNPATH_SEARCH_PATHS = (
					"$(inherited)",
					"@executable_path/Frameworks",
				);
				MARKETING_VERSION = 1.0;
				PRODUCT_BUNDLE_IDENTIFIER = com.x.Minigames;
				PRODUCT_NAME = "$(TARGET_NAME)";
				SWIFT_EMIT_LOC_STRINGS = YES;
				SWIFT_VERSION = 5.0;
				TARGETED_DEVICE_FAMILY = "1,2";
			};
			name = Release;
		};
		315173D22927323F00445AAE /* Debug */ = {
			isa = XCBuildConfiguration;
			buildSettings = {
				ALWAYS_EMBED_SWIFT_STANDARD_LIBRARIES = YES;
				BUNDLE_LOADER = "$(TEST_HOST)";
				CODE_SIGN_STYLE = Automatic;
				CURRENT_PROJECT_VERSION = 1;
				DEVELOPMENT_TEAM = A44U4A2F2G;
				GENERATE_INFOPLIST_FILE = YES;
				IPHONEOS_DEPLOYMENT_TARGET = 16.1;
				MARKETING_VERSION = 1.0;
				PRODUCT_BUNDLE_IDENTIFIER = com.x.MinigamesTests;
				PRODUCT_NAME = "$(TARGET_NAME)";
				SWIFT_EMIT_LOC_STRINGS = NO;
				SWIFT_VERSION = 5.0;
				TARGETED_DEVICE_FAMILY = "1,2";
				TEST_HOST = "$(BUILT_PRODUCTS_DIR)/Minigames.app/$(BUNDLE_EXECUTABLE_FOLDER_PATH)/Minigames";
			};
			name = Debug;
		};
		315173D32927323F00445AAE /* Release */ = {
			isa = XCBuildConfiguration;
			buildSettings = {
				ALWAYS_EMBED_SWIFT_STANDARD_LIBRARIES = YES;
				BUNDLE_LOADER = "$(TEST_HOST)";
				CODE_SIGN_STYLE = Automatic;
				CURRENT_PROJECT_VERSION = 1;
				DEVELOPMENT_TEAM = A44U4A2F2G;
				GENERATE_INFOPLIST_FILE = YES;
				IPHONEOS_DEPLOYMENT_TARGET = 16.1;
				MARKETING_VERSION = 1.0;
				PRODUCT_BUNDLE_IDENTIFIER = com.x.MinigamesTests;
				PRODUCT_NAME = "$(TARGET_NAME)";
				SWIFT_EMIT_LOC_STRINGS = NO;
				SWIFT_VERSION = 5.0;
				TARGETED_DEVICE_FAMILY = "1,2";
				TEST_HOST = "$(BUILT_PRODUCTS_DIR)/Minigames.app/$(BUNDLE_EXECUTABLE_FOLDER_PATH)/Minigames";
			};
			name = Release;
		};
		315173D52927323F00445AAE /* Debug */ = {
			isa = XCBuildConfiguration;
			buildSettings = {
				ALWAYS_EMBED_SWIFT_STANDARD_LIBRARIES = YES;
				CODE_SIGN_STYLE = Automatic;
				CURRENT_PROJECT_VERSION = 1;
				DEVELOPMENT_TEAM = A44U4A2F2G;
				GENERATE_INFOPLIST_FILE = YES;
				MARKETING_VERSION = 1.0;
				PRODUCT_BUNDLE_IDENTIFIER = com.x.MinigamesUITests;
				PRODUCT_NAME = "$(TARGET_NAME)";
				SWIFT_EMIT_LOC_STRINGS = NO;
				SWIFT_VERSION = 5.0;
				TARGETED_DEVICE_FAMILY = "1,2";
				TEST_TARGET_NAME = Minigames;
			};
			name = Debug;
		};
		315173D62927323F00445AAE /* Release */ = {
			isa = XCBuildConfiguration;
			buildSettings = {
				ALWAYS_EMBED_SWIFT_STANDARD_LIBRARIES = YES;
				CODE_SIGN_STYLE = Automatic;
				CURRENT_PROJECT_VERSION = 1;
				DEVELOPMENT_TEAM = A44U4A2F2G;
				GENERATE_INFOPLIST_FILE = YES;
				MARKETING_VERSION = 1.0;
				PRODUCT_BUNDLE_IDENTIFIER = com.x.MinigamesUITests;
				PRODUCT_NAME = "$(TARGET_NAME)";
				SWIFT_EMIT_LOC_STRINGS = NO;
				SWIFT_VERSION = 5.0;
				TARGETED_DEVICE_FAMILY = "1,2";
				TEST_TARGET_NAME = Minigames;
			};
			name = Release;
		};
/* End XCBuildConfiguration section */

/* Begin XCConfigurationList section */
		315173A52927323E00445AAE /* Build configuration list for PBXProject "Minigames" */ = {
			isa = XCConfigurationList;
			buildConfigurations = (
				315173CC2927323F00445AAE /* Debug */,
				315173CD2927323F00445AAE /* Release */,
			);
			defaultConfigurationIsVisible = 0;
			defaultConfigurationName = Release;
		};
		315173CE2927323F00445AAE /* Build configuration list for PBXNativeTarget "Minigames" */ = {
			isa = XCConfigurationList;
			buildConfigurations = (
				315173CF2927323F00445AAE /* Debug */,
				315173D02927323F00445AAE /* Release */,
			);
			defaultConfigurationIsVisible = 0;
			defaultConfigurationName = Release;
		};
		315173D12927323F00445AAE /* Build configuration list for PBXNativeTarget "MinigamesTests" */ = {
			isa = XCConfigurationList;
			buildConfigurations = (
				315173D22927323F00445AAE /* Debug */,
				315173D32927323F00445AAE /* Release */,
			);
			defaultConfigurationIsVisible = 0;
			defaultConfigurationName = Release;
		};
		315173D42927323F00445AAE /* Build configuration list for PBXNativeTarget "MinigamesUITests" */ = {
			isa = XCConfigurationList;
			buildConfigurations = (
				315173D52927323F00445AAE /* Debug */,
				315173D62927323F00445AAE /* Release */,
			);
			defaultConfigurationIsVisible = 0;
			defaultConfigurationName = Release;
		};
/* End XCConfigurationList section */
	};
	rootObject = 315173A22927323E00445AAE /* Project object */;
}
